
Microsoft Visual Studio Solution File, Format Version 12.00
# Visual Studio Version 17
VisualStudioVersion = 17.9.34728.123
MinimumVisualStudioVersion = 10.0.40219.1
Project("{FAE04EC0-301F-11D3-BF4B-00C04F79EFBC}") = "Straigh4", "Straigh4\Straigh4.csproj", "{1F39F78E-EAF4-4EC7-B433-C4284DB3A58D}"
EndProject
Global
	GlobalSection(SolutionConfigurationPlatforms) = preSolution
		Debug|Any CPU = Debug|Any CPU
		Release|Any CPU = Release|Any CPU
	EndGlobalSection
	GlobalSection(ProjectConfigurationPlatforms) = postSolution
		{1F39F78E-EAF4-4EC7-B433-C4284DB3A58D}.Debug|Any CPU.ActiveCfg = Debug|Any CPU
		{1F39F78E-EAF4-4EC7-B433-C4284DB3A58D}.Debug|Any CPU.Build.0 = Debug|Any CPU
		{1F39F78E-EAF4-4EC7-B433-C4284DB3A58D}.Release|Any CPU.ActiveCfg = Release|Any CPU
		{1F39F78E-EAF4-4EC7-B433-C4284DB3A58D}.Release|Any CPU.Build.0 = Release|Any CPU
	EndGlobalSection
	GlobalSection(SolutionProperties) = preSolution
		HideSolutionNode = FALSE
	EndGlobalSection
	GlobalSection(ExtensibilityGlobals) = postSolution
		SolutionGuid = {E7C19C7D-F17F-4BD6-89FE-E815BB91FF2A}
	EndGlobalSection
EndGlobal
