
Microsoft Visual Studio Solution File, Format Version 12.00
# Visual Studio Version 17
VisualStudioVersion = 17.14.36623.8 d17.14
MinimumVisualStudioVersion = 10.0.40219.1
Project("{FAE04EC0-301F-11D3-BF4B-00C04F79EFBC}") = "PerceptronTrainingWithHillClimbing", "PerceptronTrainingWithHillClimbing\PerceptronTrainingWithHillClimbing.csproj", "{09387B3F-4D95-46FF-81EF-FF436F978635}"
EndProject
Global
	GlobalSection(SolutionConfigurationPlatforms) = preSolution
		Debug|Any CPU = Debug|Any CPU
		Release|Any CPU = Release|Any CPU
	EndGlobalSection
	GlobalSection(ProjectConfigurationPlatforms) = postSolution
		{09387B3F-4D95-46FF-81EF-FF436F978635}.Debug|Any CPU.ActiveCfg = Debug|Any CPU
		{09387B3F-4D95-46FF-81EF-FF436F978635}.Debug|Any CPU.Build.0 = Debug|Any CPU
		{09387B3F-4D95-46FF-81EF-FF436F978635}.Release|Any CPU.ActiveCfg = Release|Any CPU
		{09387B3F-4D95-46FF-81EF-FF436F978635}.Release|Any CPU.Build.0 = Release|Any CPU
	EndGlobalSection
	GlobalSection(SolutionProperties) = preSolution
		HideSolutionNode = FALSE
	EndGlobalSection
	GlobalSection(ExtensibilityGlobals) = postSolution
		SolutionGuid = {A47CE753-34CB-4998-938D-B987A15E7607}
	EndGlobalSection
EndGlobal
