
Microsoft Visual Studio Solution File, Format Version 12.00
# Visual Studio Version 17
VisualStudioVersion = 17.11.35431.28
MinimumVisualStudioVersion = 10.0.40219.1
Project("{FAE04EC0-301F-11D3-BF4B-00C04F79EFBC}") = "BucketSortAssignment", "BucketSortAssignment\BucketSortAssignment.csproj", "{C42DD642-E3D9-4527-A46B-E03261085E6B}"
EndProject
Global
	GlobalSection(SolutionConfigurationPlatforms) = preSolution
		Debug|Any CPU = Debug|Any CPU
		Release|Any CPU = Release|Any CPU
	EndGlobalSection
	GlobalSection(ProjectConfigurationPlatforms) = postSolution
		{C42DD642-E3D9-4527-A46B-E03261085E6B}.Debug|Any CPU.ActiveCfg = Debug|Any CPU
		{C42DD642-E3D9-4527-A46B-E03261085E6B}.Debug|Any CPU.Build.0 = Debug|Any CPU
		{C42DD642-E3D9-4527-A46B-E03261085E6B}.Release|Any CPU.ActiveCfg = Release|Any CPU
		{C42DD642-E3D9-4527-A46B-E03261085E6B}.Release|Any CPU.Build.0 = Release|Any CPU
	EndGlobalSection
	GlobalSection(SolutionProperties) = preSolution
		HideSolutionNode = FALSE
	EndGlobalSection
	GlobalSection(ExtensibilityGlobals) = postSolution
		SolutionGuid = {314BAB1D-52D8-46EC-80C5-83AAA6CF05D2}
	EndGlobalSection
EndGlobal
