
Microsoft Visual Studio Solution File, Format Version 12.00
# Visual Studio Version 17
VisualStudioVersion = 17.4.33213.308
MinimumVisualStudioVersion = 10.0.40219.1
Project("{FAE04EC0-301F-11D3-BF4B-00C04F79EFBC}") = "AvlTreeAssignment", "AvlTreeAssignment\AvlTreeAssignment.csproj", "{13155155-835F-4D62-AF2D-AD74C861C69C}"
EndProject
Global
	GlobalSection(SolutionConfigurationPlatforms) = preSolution
		Debug|Any CPU = Debug|Any CPU
		Release|Any CPU = Release|Any CPU
	EndGlobalSection
	GlobalSection(ProjectConfigurationPlatforms) = postSolution
		{13155155-835F-4D62-AF2D-AD74C861C69C}.Debug|Any CPU.ActiveCfg = Debug|Any CPU
		{13155155-835F-4D62-AF2D-AD74C861C69C}.Debug|Any CPU.Build.0 = Debug|Any CPU
		{13155155-835F-4D62-AF2D-AD74C861C69C}.Release|Any CPU.ActiveCfg = Release|Any CPU
		{13155155-835F-4D62-AF2D-AD74C861C69C}.Release|Any CPU.Build.0 = Release|Any CPU
	EndGlobalSection
	GlobalSection(SolutionProperties) = preSolution
		HideSolutionNode = FALSE
	EndGlobalSection
	GlobalSection(ExtensibilityGlobals) = postSolution
		SolutionGuid = {2C53393D-F3B3-4030-9421-23D563E824E7}
	EndGlobalSection
EndGlobal
