
Microsoft Visual Studio Solution File, Format Version 12.00
# Visual Studio Version 17
VisualStudioVersion = 17.3.32804.467
MinimumVisualStudioVersion = 10.0.40219.1
Project("{FAE04EC0-301F-11D3-BF4B-00C04F79EFBC}") = "InsertionSortingAssignment", "InsertionSortingAssignment\InsertionSortingAssignment.csproj", "{7C283322-729B-4EBD-B806-4E6632DB163D}"
EndProject
Global
	GlobalSection(SolutionConfigurationPlatforms) = preSolution
		Debug|Any CPU = Debug|Any CPU
		Release|Any CPU = Release|Any CPU
	EndGlobalSection
	GlobalSection(ProjectConfigurationPlatforms) = postSolution
		{7C283322-729B-4EBD-B806-4E6632DB163D}.Debug|Any CPU.ActiveCfg = Debug|Any CPU
		{7C283322-729B-4EBD-B806-4E6632DB163D}.Debug|Any CPU.Build.0 = Debug|Any CPU
		{7C283322-729B-4EBD-B806-4E6632DB163D}.Release|Any CPU.ActiveCfg = Release|Any CPU
		{7C283322-729B-4EBD-B806-4E6632DB163D}.Release|Any CPU.Build.0 = Release|Any CPU
	EndGlobalSection
	GlobalSection(SolutionProperties) = preSolution
		HideSolutionNode = FALSE
	EndGlobalSection
	GlobalSection(ExtensibilityGlobals) = postSolution
		SolutionGuid = {3429E027-65F9-4844-A7C6-8B7D48BDD3A9}
	EndGlobalSection
EndGlobal
